// !$*UTF8*$!
{
	archiveVersion = 1;
	classes = {
	};
	objectVersion = 46;
	objects = {

/* Begin PBXBuildFile section */
		FA30ADB11B1B51B20041FB6B /* main.m in Sources */ = {isa = PBXBuildFile; fileRef = FA30ADB01B1B51B20041FB6B /* main.m */; };
		FA30ADB41B1B51B20041FB6B /* AppDelegate.m in Sources */ = {isa = PBXBuildFile; fileRef = FA30ADB31B1B51B20041FB6B /* AppDelegate.m */; };
		FA30ADB71B1B51B20041FB6B /* ViewController.m in Sources */ = {isa = PBXBuildFile; fileRef = FA30ADB61B1B51B20041FB6B /* ViewController.m */; };
		FA30ADBA1B1B51B20041FB6B /* Main.storyboard in Resources */ = {isa = PBXBuildFile; fileRef = FA30ADB81B1B51B20041FB6B /* Main.storyboard */; };
		FA30ADBC1B1B51B20041FB6B /* Images.xcassets in Resources */ = {isa = PBXBuildFile; fileRef = FA30ADBB1B1B51B20041FB6B /* Images.xcassets */; };
		FA30ADBF1B1B51B20041FB6B /* LaunchScreen.xib in Resources */ = {isa = PBXBuildFile; fileRef = FA30ADBD1B1B51B20041FB6B /* LaunchScreen.xib */; };
		FA30ADCB1B1B51B20041FB6B /* WNXPageViewDomeTests.m in Sources */ = {isa = PBXBuildFile; fileRef = FA30ADCA1B1B51B20041FB6B /* WNXPageViewDomeTests.m */; };
		FA30ADF91B1B521A0041FB6B /* MKAnnotationView+WebCache.m in Sources */ = {isa = PBXBuildFile; fileRef = FA30ADD71B1B521A0041FB6B /* MKAnnotationView+WebCache.m */; };
		FA30ADFA1B1B521A0041FB6B /* NSData+ImageContentType.m in Sources */ = {isa = PBXBuildFile; fileRef = FA30ADD91B1B521A0041FB6B /* NSData+ImageContentType.m */; };
		FA30ADFB1B1B521A0041FB6B /* SDImageCache.m in Sources */ = {isa = PBXBuildFile; fileRef = FA30ADDB1B1B521A0041FB6B /* SDImageCache.m */; };
		FA30ADFC1B1B521A0041FB6B /* SDWebImageCompat.m in Sources */ = {isa = PBXBuildFile; fileRef = FA30ADDD1B1B521A0041FB6B /* SDWebImageCompat.m */; };
		FA30ADFD1B1B521A0041FB6B /* SDWebImageDecoder.m in Sources */ = {isa = PBXBuildFile; fileRef = FA30ADDF1B1B521A0041FB6B /* SDWebImageDecoder.m */; };
		FA30ADFE1B1B521A0041FB6B /* SDWebImageDownloader.m in Sources */ = {isa = PBXBuildFile; fileRef = FA30ADE11B1B521A0041FB6B /* SDWebImageDownloader.m */; };
		FA30ADFF1B1B521A0041FB6B /* SDWebImageDownloaderOperation.m in Sources */ = {isa = PBXBuildFile; fileRef = FA30ADE31B1B521A0041FB6B /* SDWebImageDownloaderOperation.m */; };
		FA30AE001B1B521A0041FB6B /* SDWebImageManager.m in Sources */ = {isa = PBXBuildFile; fileRef = FA30ADE51B1B521A0041FB6B /* SDWebImageManager.m */; };
		FA30AE011B1B521A0041FB6B /* SDWebImagePrefetcher.m in Sources */ = {isa = PBXBuildFile; fileRef = FA30ADE81B1B521A0041FB6B /* SDWebImagePrefetcher.m */; };
		FA30AE021B1B521A0041FB6B /* UIButton+WebCache.m in Sources */ = {isa = PBXBuildFile; fileRef = FA30ADEA1B1B521A0041FB6B /* UIButton+WebCache.m */; };
		FA30AE031B1B521A0041FB6B /* UIImage+GIF.m in Sources */ = {isa = PBXBuildFile; fileRef = FA30ADEC1B1B521A0041FB6B /* UIImage+GIF.m */; };
		FA30AE041B1B521A0041FB6B /* UIImage+MultiFormat.m in Sources */ = {isa = PBXBuildFile; fileRef = FA30ADEE1B1B521A0041FB6B /* UIImage+MultiFormat.m */; };
		FA30AE051B1B521A0041FB6B /* UIImage+WebP.m in Sources */ = {isa = PBXBuildFile; fileRef = FA30ADF01B1B521A0041FB6B /* UIImage+WebP.m */; };
		FA30AE061B1B521A0041FB6B /* UIImageView+HighlightedWebCache.m in Sources */ = {isa = PBXBuildFile; fileRef = FA30ADF21B1B521A0041FB6B /* UIImageView+HighlightedWebCache.m */; };
		FA30AE071B1B521A0041FB6B /* UIImageView+WebCache.m in Sources */ = {isa = PBXBuildFile; fileRef = FA30ADF41B1B521A0041FB6B /* UIImageView+WebCache.m */; };
		FA30AE081B1B521A0041FB6B /* UIView+WebCacheOperation.m in Sources */ = {isa = PBXBuildFile; fileRef = FA30ADF61B1B521A0041FB6B /* UIView+WebCacheOperation.m */; };
		FA30AE091B1B521A0041FB6B /* WNXPageView.m in Sources */ = {isa = PBXBuildFile; fileRef = FA30ADF81B1B521A0041FB6B /* WNXPageView.m */; };
/* End PBXBuildFile section */

/* Begin PBXContainerItemProxy section */
		FA30ADC51B1B51B20041FB6B /* PBXContainerItemProxy */ = {
			isa = PBXContainerItemProxy;
			containerPortal = FA30ADA31B1B51B20041FB6B /* Project object */;
			proxyType = 1;
			remoteGlobalIDString = FA30ADAA1B1B51B20041FB6B;
			remoteInfo = WNXPageViewDome;
		};
/* End PBXContainerItemProxy section */

/* Begin PBXFileReference section */
		FA30ADAB1B1B51B20041FB6B /* WNXPageViewDome.app */ = {isa = PBXFileReference; explicitFileType = wrapper.application; includeInIndex = 0; path = WNXPageViewDome.app; sourceTree = BUILT_PRODUCTS_DIR; };
		FA30ADAF1B1B51B20041FB6B /* Info.plist */ = {isa = PBXFileReference; lastKnownFileType = text.plist.xml; path = Info.plist; sourceTree = "<group>"; };
		FA30ADB01B1B51B20041FB6B /* main.m */ = {isa = PBXFileReference; lastKnownFileType = sourcecode.c.objc; path = main.m; sourceTree = "<group>"; };
		FA30ADB21B1B51B20041FB6B /* AppDelegate.h */ = {isa = PBXFileReference; lastKnownFileType = sourcecode.c.h; path = AppDelegate.h; sourceTree = "<group>"; };
		FA30ADB31B1B51B20041FB6B /* AppDelegate.m */ = {isa = PBXFileReference; lastKnownFileType = sourcecode.c.objc; path = AppDelegate.m; sourceTree = "<group>"; };
		FA30ADB51B1B51B20041FB6B /* ViewController.h */ = {isa = PBXFileReference; lastKnownFileType = sourcecode.c.h; path = ViewController.h; sourceTree = "<group>"; };
		FA30ADB61B1B51B20041FB6B /* ViewController.m */ = {isa = PBXFileReference; lastKnownFileType = sourcecode.c.objc; path = ViewController.m; sourceTree = "<group>"; };
		FA30ADB91B1B51B20041FB6B /* Base */ = {isa = PBXFileReference; lastKnownFileType = file.storyboard; name = Base; path = Base.lproj/Main.storyboard; sourceTree = "<group>"; };
		FA30ADBB1B1B51B20041FB6B /* Images.xcassets */ = {isa = PBXFileReference; lastKnownFileType = folder.assetcatalog; path = Images.xcassets; sourceTree = "<group>"; };
		FA30ADBE1B1B51B20041FB6B /* Base */ = {isa = PBXFileReference; lastKnownFileType = file.xib; name = Base; path = Base.lproj/LaunchScreen.xib; sourceTree = "<group>"; };
		FA30ADC41B1B51B20041FB6B /* WNXPageViewDomeTests.xctest */ = {isa = PBXFileReference; explicitFileType = wrapper.cfbundle; includeInIndex = 0; path = WNXPageViewDomeTests.xctest; sourceTree = BUILT_PRODUCTS_DIR; };
		FA30ADC91B1B51B20041FB6B /* Info.plist */ = {isa = PBXFileReference; lastKnownFileType = text.plist.xml; path = Info.plist; sourceTree = "<group>"; };
		FA30ADCA1B1B51B20041FB6B /* WNXPageViewDomeTests.m */ = {isa = PBXFileReference; lastKnownFileType = sourcecode.c.objc; path = WNXPageViewDomeTests.m; sourceTree = "<group>"; };
		FA30ADD61B1B521A0041FB6B /* MKAnnotationView+WebCache.h */ = {isa = PBXFileReference; fileEncoding = 4; lastKnownFileType = sourcecode.c.h; path = "MKAnnotationView+WebCache.h"; sourceTree = "<group>"; };
		FA30ADD71B1B521A0041FB6B /* MKAnnotationView+WebCache.m */ = {isa = PBXFileReference; fileEncoding = 4; lastKnownFileType = sourcecode.c.objc; path = "MKAnnotationView+WebCache.m"; sourceTree = "<group>"; };
		FA30ADD81B1B521A0041FB6B /* NSData+ImageContentType.h */ = {isa = PBXFileReference; fileEncoding = 4; lastKnownFileType = sourcecode.c.h; path = "NSData+ImageContentType.h"; sourceTree = "<group>"; };
		FA30ADD91B1B521A0041FB6B /* NSData+ImageContentType.m */ = {isa = PBXFileReference; fileEncoding = 4; lastKnownFileType = sourcecode.c.objc; path = "NSData+ImageContentType.m"; sourceTree = "<group>"; };
		FA30ADDA1B1B521A0041FB6B /* SDImageCache.h */ = {isa = PBXFileReference; fileEncoding = 4; lastKnownFileType = sourcecode.c.h; path = SDImageCache.h; sourceTree = "<group>"; };
		FA30ADDB1B1B521A0041FB6B /* SDImageCache.m */ = {isa = PBXFileReference; fileEncoding = 4; lastKnownFileType = sourcecode.c.objc; path = SDImageCache.m; sourceTree = "<group>"; };
		FA30ADDC1B1B521A0041FB6B /* SDWebImageCompat.h */ = {isa = PBXFileReference; fileEncoding = 4; lastKnownFileType = sourcecode.c.h; path = SDWebImageCompat.h; sourceTree = "<group>"; };
		FA30ADDD1B1B521A0041FB6B /* SDWebImageCompat.m */ = {isa = PBXFileReference; fileEncoding = 4; lastKnownFileType = sourcecode.c.objc; path = SDWebImageCompat.m; sourceTree = "<group>"; };
		FA30ADDE1B1B521A0041FB6B /* SDWebImageDecoder.h */ = {isa = PBXFileReference; fileEncoding = 4; lastKnownFileType = sourcecode.c.h; path = SDWebImageDecoder.h; sourceTree = "<group>"; };
		FA30ADDF1B1B521A0041FB6B /* SDWebImageDecoder.m */ = {isa = PBXFileReference; fileEncoding = 4; lastKnownFileType = sourcecode.c.objc; path = SDWebImageDecoder.m; sourceTree = "<group>"; };
		FA30ADE01B1B521A0041FB6B /* SDWebImageDownloader.h */ = {isa = PBXFileReference; fileEncoding = 4; lastKnownFileType = sourcecode.c.h; path = SDWebImageDownloader.h; sourceTree = "<group>"; };
		FA30ADE11B1B521A0041FB6B /* SDWebImageDownloader.m */ = {isa = PBXFileReference; fileEncoding = 4; lastKnownFileType = sourcecode.c.objc; path = SDWebImageDownloader.m; sourceTree = "<group>"; };
		FA30ADE21B1B521A0041FB6B /* SDWebImageDownloaderOperation.h */ = {isa = PBXFileReference; fileEncoding = 4; lastKnownFileType = sourcecode.c.h; path = SDWebImageDownloaderOperation.h; sourceTree = "<group>"; };
		FA30ADE31B1B521A0041FB6B /* SDWebImageDownloaderOperation.m */ = {isa = PBXFileReference; fileEncoding = 4; lastKnownFileType = sourcecode.c.objc; path = SDWebImageDownloaderOperation.m; sourceTree = "<group>"; };
		FA30ADE41B1B521A0041FB6B /* SDWebImageManager.h */ = {isa = PBXFileReference; fileEncoding = 4; lastKnownFileType = sourcecode.c.h; path = SDWebImageManager.h; sourceTree = "<group>"; };
		FA30ADE51B1B521A0041FB6B /* SDWebImageManager.m */ = {isa = PBXFileReference; fileEncoding = 4; lastKnownFileType = sourcecode.c.objc; path = SDWebImageManager.m; sourceTree = "<group>"; };
		FA30ADE61B1B521A0041FB6B /* SDWebImageOperation.h */ = {isa = PBXFileReference; fileEncoding = 4; lastKnownFileType = sourcecode.c.h; path = SDWebImageOperation.h; sourceTree = "<group>"; };
		FA30ADE71B1B521A0041FB6B /* SDWebImagePrefetcher.h */ = {isa = PBXFileReference; fileEncoding = 4; lastKnownFileType = sourcecode.c.h; path = SDWebImagePrefetcher.h; sourceTree = "<group>"; };
		FA30ADE81B1B521A0041FB6B /* SDWebImagePrefetcher.m */ = {isa = PBXFileReference; fileEncoding = 4; lastKnownFileType = sourcecode.c.objc; path = SDWebImagePrefetcher.m; sourceTree = "<group>"; };
		FA30ADE91B1B521A0041FB6B /* UIButton+WebCache.h */ = {isa = PBXFileReference; fileEncoding = 4; lastKnownFileType = sourcecode.c.h; path = "UIButton+WebCache.h"; sourceTree = "<group>"; };
		FA30ADEA1B1B521A0041FB6B /* UIButton+WebCache.m */ = {isa = PBXFileReference; fileEncoding = 4; lastKnownFileType = sourcecode.c.objc; path = "UIButton+WebCache.m"; sourceTree = "<group>"; };
		FA30ADEB1B1B521A0041FB6B /* UIImage+GIF.h */ = {isa = PBXFileReference; fileEncoding = 4; lastKnownFileType = sourcecode.c.h; path = "UIImage+GIF.h"; sourceTree = "<group>"; };
		FA30ADEC1B1B521A0041FB6B /* UIImage+GIF.m */ = {isa = PBXFileReference; fileEncoding = 4; lastKnownFileType = sourcecode.c.objc; path = "UIImage+GIF.m"; sourceTree = "<group>"; };
		FA30ADED1B1B521A0041FB6B /* UIImage+MultiFormat.h */ = {isa = PBXFileReference; fileEncoding = 4; lastKnownFileType = sourcecode.c.h; path = "UIImage+MultiFormat.h"; sourceTree = "<group>"; };
		FA30ADEE1B1B521A0041FB6B /* UIImage+MultiFormat.m */ = {isa = PBXFileReference; fileEncoding = 4; lastKnownFileType = sourcecode.c.objc; path = "UIImage+MultiFormat.m"; sourceTree = "<group>"; };
		FA30ADEF1B1B521A0041FB6B /* UIImage+WebP.h */ = {isa = PBXFileReference; fileEncoding = 4; lastKnownFileType = sourcecode.c.h; path = "UIImage+WebP.h"; sourceTree = "<group>"; };
		FA30ADF01B1B521A0041FB6B /* UIImage+WebP.m */ = {isa = PBXFileReference; fileEncoding = 4; lastKnownFileType = sourcecode.c.objc; path = "UIImage+WebP.m"; sourceTree = "<group>"; };
		FA30ADF11B1B521A0041FB6B /* UIImageView+HighlightedWebCache.h */ = {isa = PBXFileReference; fileEncoding = 4; lastKnownFileType = sourcecode.c.h; path = "UIImageView+HighlightedWebCache.h"; sourceTree = "<group>"; };
		FA30ADF21B1B521A0041FB6B /* UIImageView+HighlightedWebCache.m */ = {isa = PBXFileReference; fileEncoding = 4; lastKnownFileType = sourcecode.c.objc; path = "UIImageView+HighlightedWebCache.m"; sourceTree = "<group>"; };
		FA30ADF31B1B521A0041FB6B /* UIImageView+WebCache.h */ = {isa = PBXFileReference; fileEncoding = 4; lastKnownFileType = sourcecode.c.h; path = "UIImageView+WebCache.h"; sourceTree = "<group>"; };
		FA30ADF41B1B521A0041FB6B /* UIImageView+WebCache.m */ = {isa = PBXFileReference; fileEncoding = 4; lastKnownFileType = sourcecode.c.objc; path = "UIImageView+WebCache.m"; sourceTree = "<group>"; };
		FA30ADF51B1B521A0041FB6B /* UIView+WebCacheOperation.h */ = {isa = PBXFileReference; fileEncoding = 4; lastKnownFileType = sourcecode.c.h; path = "UIView+WebCacheOperation.h"; sourceTree = "<group>"; };
		FA30ADF61B1B521A0041FB6B /* UIView+WebCacheOperation.m */ = {isa = PBXFileReference; fileEncoding = 4; lastKnownFileType = sourcecode.c.objc; path = "UIView+WebCacheOperation.m"; sourceTree = "<group>"; };
		FA30ADF71B1B521A0041FB6B /* WNXPageView.h */ = {isa = PBXFileReference; fileEncoding = 4; lastKnownFileType = sourcecode.c.h; path = WNXPageView.h; sourceTree = "<group>"; };
		FA30ADF81B1B521A0041FB6B /* WNXPageView.m */ = {isa = PBXFileReference; fileEncoding = 4; lastKnownFileType = sourcecode.c.objc; path = WNXPageView.m; sourceTree = "<group>"; };
/* End PBXFileReference section */

/* Begin PBXFrameworksBuildPhase section */
		FA30ADA81B1B51B20041FB6B /* Frameworks */ = {
			isa = PBXFrameworksBuildPhase;
			buildActionMask = 2147483647;
			files = (
			);
			runOnlyForDeploymentPostprocessing = 0;
		};
		FA30ADC11B1B51B20041FB6B /* Frameworks */ = {
			isa = PBXFrameworksBuildPhase;
			buildActionMask = 2147483647;
			files = (
			);
			runOnlyForDeploymentPostprocessing = 0;
		};
/* End PBXFrameworksBuildPhase section */

/* Begin PBXGroup section */
		FA30ADA21B1B51B20041FB6B = {
			isa = PBXGroup;
			children = (
				FA30ADAD1B1B51B20041FB6B /* WNXPageViewDome */,
				FA30ADC71B1B51B20041FB6B /* WNXPageViewDomeTests */,
				FA30ADAC1B1B51B20041FB6B /* Products */,
			);
			sourceTree = "<group>";
		};
		FA30ADAC1B1B51B20041FB6B /* Products */ = {
			isa = PBXGroup;
			children = (
				FA30ADAB1B1B51B20041FB6B /* WNXPageViewDome.app */,
				FA30ADC41B1B51B20041FB6B /* WNXPageViewDomeTests.xctest */,
			);
			name = Products;
			sourceTree = "<group>";
		};
		FA30ADAD1B1B51B20041FB6B /* WNXPageViewDome */ = {
			isa = PBXGroup;
			children = (
				FA30ADB21B1B51B20041FB6B /* AppDelegate.h */,
				FA30ADB31B1B51B20041FB6B /* AppDelegate.m */,
				FA30ADB51B1B51B20041FB6B /* ViewController.h */,
				FA30ADB61B1B51B20041FB6B /* ViewController.m */,
				FA30ADB81B1B51B20041FB6B /* Main.storyboard */,
				FA30ADBB1B1B51B20041FB6B /* Images.xcassets */,
				FA30ADBD1B1B51B20041FB6B /* LaunchScreen.xib */,
				FA30ADAE1B1B51B20041FB6B /* Supporting Files */,
			);
			path = WNXPageViewDome;
			sourceTree = "<group>";
		};
		FA30ADAE1B1B51B20041FB6B /* Supporting Files */ = {
			isa = PBXGroup;
			children = (
				FA30ADD41B1B521A0041FB6B /* WNXPageView */,
				FA30ADAF1B1B51B20041FB6B /* Info.plist */,
				FA30ADB01B1B51B20041FB6B /* main.m */,
			);
			name = "Supporting Files";
			sourceTree = "<group>";
		};
		FA30ADC71B1B51B20041FB6B /* WNXPageViewDomeTests */ = {
			isa = PBXGroup;
			children = (
				FA30ADCA1B1B51B20041FB6B /* WNXPageViewDomeTests.m */,
				FA30ADC81B1B51B20041FB6B /* Supporting Files */,
			);
			path = WNXPageViewDomeTests;
			sourceTree = "<group>";
		};
		FA30ADC81B1B51B20041FB6B /* Supporting Files */ = {
			isa = PBXGroup;
			children = (
				FA30ADC91B1B51B20041FB6B /* Info.plist */,
			);
			name = "Supporting Files";
			sourceTree = "<group>";
		};
		FA30ADD41B1B521A0041FB6B /* WNXPageView */ = {
			isa = PBXGroup;
			children = (
				FA30ADD51B1B521A0041FB6B /* SDWebImage */,
				FA30ADF71B1B521A0041FB6B /* WNXPageView.h */,
				FA30ADF81B1B521A0041FB6B /* WNXPageView.m */,
			);
			path = WNXPageView;
			sourceTree = "<group>";
		};
		FA30ADD51B1B521A0041FB6B /* SDWebImage */ = {
			isa = PBXGroup;
			children = (
				FA30ADD61B1B521A0041FB6B /* MKAnnotationView+WebCache.h */,
				FA30ADD71B1B521A0041FB6B /* MKAnnotationView+WebCache.m */,
				FA30ADD81B1B521A0041FB6B /* NSData+ImageContentType.h */,
				FA30ADD91B1B521A0041FB6B /* NSData+ImageContentType.m */,
				FA30ADDA1B1B521A0041FB6B /* SDImageCache.h */,
				FA30ADDB1B1B521A0041FB6B /* SDImageCache.m */,
				FA30ADDC1B1B521A0041FB6B /* SDWebImageCompat.h */,
				FA30ADDD1B1B521A0041FB6B /* SDWebImageCompat.m */,
				FA30ADDE1B1B521A0041FB6B /* SDWebImageDecoder.h */,
				FA30ADDF1B1B521A0041FB6B /* SDWebImageDecoder.m */,
				FA30ADE01B1B521A0041FB6B /* SDWebImageDownloader.h */,
				FA30ADE11B1B521A0041FB6B /* SDWebImageDownloader.m */,
				FA30ADE21B1B521A0041FB6B /* SDWebImageDownloaderOperation.h */,
				FA30ADE31B1B521A0041FB6B /* SDWebImageDownloaderOperation.m */,
				FA30ADE41B1B521A0041FB6B /* SDWebImageManager.h */,
				FA30ADE51B1B521A0041FB6B /* SDWebImageManager.m */,
				FA30ADE61B1B521A0041FB6B /* SDWebImageOperation.h */,
				FA30ADE71B1B521A0041FB6B /* SDWebImagePrefetcher.h */,
				FA30ADE81B1B521A0041FB6B /* SDWebImagePrefetcher.m */,
				FA30ADE91B1B521A0041FB6B /* UIButton+WebCache.h */,
				FA30ADEA1B1B521A0041FB6B /* UIButton+WebCache.m */,
				FA30ADEB1B1B521A0041FB6B /* UIImage+GIF.h */,
				FA30ADEC1B1B521A0041FB6B /* UIImage+GIF.m */,
				FA30ADED1B1B521A0041FB6B /* UIImage+MultiFormat.h */,
				FA30ADEE1B1B521A0041FB6B /* UIImage+MultiFormat.m */,
				FA30ADEF1B1B521A0041FB6B /* UIImage+WebP.h */,
				FA30ADF01B1B521A0041FB6B /* UIImage+WebP.m */,
				FA30ADF11B1B521A0041FB6B /* UIImageView+HighlightedWebCache.h */,
				FA30ADF21B1B521A0041FB6B /* UIImageView+HighlightedWebCache.m */,
				FA30ADF31B1B521A0041FB6B /* UIImageView+WebCache.h */,
				FA30ADF41B1B521A0041FB6B /* UIImageView+WebCache.m */,
				FA30ADF51B1B521A0041FB6B /* UIView+WebCacheOperation.h */,
				FA30ADF61B1B521A0041FB6B /* UIView+WebCacheOperation.m */,
			);
			path = SDWebImage;
			sourceTree = "<group>";
		};
/* End PBXGroup section */

/* Begin PBXNativeTarget section */
		FA30ADAA1B1B51B20041FB6B /* WNXPageViewDome */ = {
			isa = PBXNativeTarget;
			buildConfigurationList = FA30ADCE1B1B51B20041FB6B /* Build configuration list for PBXNativeTarget "WNXPageViewDome" */;
			buildPhases = (
				FA30ADA71B1B51B20041FB6B /* Sources */,
				FA30ADA81B1B51B20041FB6B /* Frameworks */,
				FA30ADA91B1B51B20041FB6B /* Resources */,
			);
			buildRules = (
			);
			dependencies = (
			);
			name = WNXPageViewDome;
			productName = WNXPageViewDome;
			productReference = FA30ADAB1B1B51B20041FB6B /* WNXPageViewDome.app */;
			productType = "com.apple.product-type.application";
		};
		FA30ADC31B1B51B20041FB6B /* WNXPageViewDomeTests */ = {
			isa = PBXNativeTarget;
			buildConfigurationList = FA30ADD11B1B51B20041FB6B /* Build configuration list for PBXNativeTarget "WNXPageViewDomeTests" */;
			buildPhases = (
				FA30ADC01B1B51B20041FB6B /* Sources */,
				FA30ADC11B1B51B20041FB6B /* Frameworks */,
				FA30ADC21B1B51B20041FB6B /* Resources */,
			);
			buildRules = (
			);
			dependencies = (
				FA30ADC61B1B51B20041FB6B /* PBXTargetDependency */,
			);
			name = WNXPageViewDomeTests;
			productName = WNXPageViewDomeTests;
			productReference = FA30ADC41B1B51B20041FB6B /* WNXPageViewDomeTests.xctest */;
			productType = "com.apple.product-type.bundle.unit-test";
		};
/* End PBXNativeTarget section */

/* Begin PBXProject section */
		FA30ADA31B1B51B20041FB6B /* Project object */ = {
			isa = PBXProject;
			attributes = {
				LastUpgradeCheck = 0630;
				ORGANIZATIONNAME = "维尼的小熊";
				TargetAttributes = {
					FA30ADAA1B1B51B20041FB6B = {
						CreatedOnToolsVersion = 6.3.1;
					};
					FA30ADC31B1B51B20041FB6B = {
						CreatedOnToolsVersion = 6.3.1;
						TestTargetID = FA30ADAA1B1B51B20041FB6B;
					};
				};
			};
			buildConfigurationList = FA30ADA61B1B51B20041FB6B /* Build configuration list for PBXProject "WNXPageViewDome" */;
			compatibilityVersion = "Xcode 3.2";
			developmentRegion = English;
			hasScannedForEncodings = 0;
			knownRegions = (
				en,
				Base,
			);
			mainGroup = FA30ADA21B1B51B20041FB6B;
			productRefGroup = FA30ADAC1B1B51B20041FB6B /* Products */;
			projectDirPath = "";
			projectRoot = "";
			targets = (
				FA30ADAA1B1B51B20041FB6B /* WNXPageViewDome */,
				FA30ADC31B1B51B20041FB6B /* WNXPageViewDomeTests */,
			);
		};
/* End PBXProject section */

/* Begin PBXResourcesBuildPhase section */
		FA30ADA91B1B51B20041FB6B /* Resources */ = {
			isa = PBXResourcesBuildPhase;
			buildActionMask = 2147483647;
			files = (
				FA30ADBA1B1B51B20041FB6B /* Main.storyboard in Resources */,
				FA30ADBF1B1B51B20041FB6B /* LaunchScreen.xib in Resources */,
				FA30ADBC1B1B51B20041FB6B /* Images.xcassets in Resources */,
			);
			runOnlyForDeploymentPostprocessing = 0;
		};
		FA30ADC21B1B51B20041FB6B /* Resources */ = {
			isa = PBXResourcesBuildPhase;
			buildActionMask = 2147483647;
			files = (
			);
			runOnlyForDeploymentPostprocessing = 0;
		};
/* End PBXResourcesBuildPhase section */

/* Begin PBXSourcesBuildPhase section */
		FA30ADA71B1B51B20041FB6B /* Sources */ = {
			isa = PBXSourcesBuildPhase;
			buildActionMask = 2147483647;
			files = (
				FA30AE061B1B521A0041FB6B /* UIImageView+HighlightedWebCache.m in Sources */,
				FA30ADFA1B1B521A0041FB6B /* NSData+ImageContentType.m in Sources */,
				FA30AE001B1B521A0041FB6B /* SDWebImageManager.m in Sources */,
				FA30ADFE1B1B521A0041FB6B /* SDWebImageDownloader.m in Sources */,
				FA30AE051B1B521A0041FB6B /* UIImage+WebP.m in Sources */,
				FA30AE081B1B521A0041FB6B /* UIView+WebCacheOperation.m in Sources */,
				FA30AE091B1B521A0041FB6B /* WNXPageView.m in Sources */,
				FA30ADFB1B1B521A0041FB6B /* SDImageCache.m in Sources */,
				FA30ADB71B1B51B20041FB6B /* ViewController.m in Sources */,
				FA30ADF91B1B521A0041FB6B /* MKAnnotationView+WebCache.m in Sources */,
				FA30ADFD1B1B521A0041FB6B /* SDWebImageDecoder.m in Sources */,
				FA30AE041B1B521A0041FB6B /* UIImage+MultiFormat.m in Sources */,
				FA30ADFF1B1B521A0041FB6B /* SDWebImageDownloaderOperation.m in Sources */,
				FA30ADB41B1B51B20041FB6B /* AppDelegate.m in Sources */,
				FA30AE021B1B521A0041FB6B /* UIButton+WebCache.m in Sources */,
				FA30AE011B1B521A0041FB6B /* SDWebImagePrefetcher.m in Sources */,
				FA30AE071B1B521A0041FB6B /* UIImageView+WebCache.m in Sources */,
				FA30ADFC1B1B521A0041FB6B /* SDWebImageCompat.m in Sources */,
				FA30AE031B1B521A0041FB6B /* UIImage+GIF.m in Sources */,
				FA30ADB11B1B51B20041FB6B /* main.m in Sources */,
			);
			runOnlyForDeploymentPostprocessing = 0;
		};
		FA30ADC01B1B51B20041FB6B /* Sources */ = {
			isa = PBXSourcesBuildPhase;
			buildActionMask = 2147483647;
			files = (
				FA30ADCB1B1B51B20041FB6B /* WNXPageViewDomeTests.m in Sources */,
			);
			runOnlyForDeploymentPostprocessing = 0;
		};
/* End PBXSourcesBuildPhase section */

/* Begin PBXTargetDependency section */
		FA30ADC61B1B51B20041FB6B /* PBXTargetDependency */ = {
			isa = PBXTargetDependency;
			target = FA30ADAA1B1B51B20041FB6B /* WNXPageViewDome */;
			targetProxy = FA30ADC51B1B51B20041FB6B /* PBXContainerItemProxy */;
		};
/* End PBXTargetDependency section */

/* Begin PBXVariantGroup section */
		FA30ADB81B1B51B20041FB6B /* Main.storyboard */ = {
			isa = PBXVariantGroup;
			children = (
				FA30ADB91B1B51B20041FB6B /* Base */,
			);
			name = Main.storyboard;
			sourceTree = "<group>";
		};
		FA30ADBD1B1B51B20041FB6B /* LaunchScreen.xib */ = {
			isa = PBXVariantGroup;
			children = (
				FA30ADBE1B1B51B20041FB6B /* Base */,
			);
			name = LaunchScreen.xib;
			sourceTree = "<group>";
		};
/* End PBXVariantGroup section */

/* Begin XCBuildConfiguration section */
		FA30ADCC1B1B51B20041FB6B /* Debug */ = {
			isa = XCBuildConfiguration;
			buildSettings = {
				ALWAYS_SEARCH_USER_PATHS = NO;
				CLANG_CXX_LANGUAGE_STANDARD = "gnu++0x";
				CLANG_CXX_LIBRARY = "libc++";
				CLANG_ENABLE_MODULES = YES;
				CLANG_ENABLE_OBJC_ARC = YES;
				CLANG_WARN_BOOL_CONVERSION = YES;
				CLANG_WARN_CONSTANT_CONVERSION = YES;
				CLANG_WARN_DIRECT_OBJC_ISA_USAGE = YES_ERROR;
				CLANG_WARN_EMPTY_BODY = YES;
				CLANG_WARN_ENUM_CONVERSION = YES;
				CLANG_WARN_INT_CONVERSION = YES;
				CLANG_WARN_OBJC_ROOT_CLASS = YES_ERROR;
				CLANG_WARN_UNREACHABLE_CODE = YES;
				CLANG_WARN__DUPLICATE_METHOD_MATCH = YES;
				"CODE_SIGN_IDENTITY[sdk=iphoneos*]" = "iPhone Developer";
				COPY_PHASE_STRIP = NO;
				DEBUG_INFORMATION_FORMAT = "dwarf-with-dsym";
				ENABLE_STRICT_OBJC_MSGSEND = YES;
				GCC_C_LANGUAGE_STANDARD = gnu99;
				GCC_DYNAMIC_NO_PIC = NO;
				GCC_NO_COMMON_BLOCKS = YES;
				GCC_OPTIMIZATION_LEVEL = 0;
				GCC_PREPROCESSOR_DEFINITIONS = (
					"DEBUG=1",
					"$(inherited)",
				);
				GCC_SYMBOLS_PRIVATE_EXTERN = NO;
				GCC_WARN_64_TO_32_BIT_CONVERSION = YES;
				GCC_WARN_ABOUT_RETURN_TYPE = YES_ERROR;
				GCC_WARN_UNDECLARED_SELECTOR = YES;
				GCC_WARN_UNINITIALIZED_AUTOS = YES_AGGRESSIVE;
				GCC_WARN_UNUSED_FUNCTION = YES;
				GCC_WARN_UNUSED_VARIABLE = YES;
				IPHONEOS_DEPLOYMENT_TARGET = 8.3;
				MTL_ENABLE_DEBUG_INFO = YES;
				ONLY_ACTIVE_ARCH = YES;
				SDKROOT = iphoneos;
			};
			name = Debug;
		};
		FA30ADCD1B1B51B20041FB6B /* Release */ = {
			isa = XCBuildConfiguration;
			buildSettings = {
				ALWAYS_SEARCH_USER_PATHS = NO;
				CLANG_CXX_LANGUAGE_STANDARD = "gnu++0x";
				CLANG_CXX_LIBRARY = "libc++";
				CLANG_ENABLE_MODULES = YES;
				CLANG_ENABLE_OBJC_ARC = YES;
				CLANG_WARN_BOOL_CONVERSION = YES;
				CLANG_WARN_CONSTANT_CONVERSION = YES;
				CLANG_WARN_DIRECT_OBJC_ISA_USAGE = YES_ERROR;
				CLANG_WARN_EMPTY_BODY = YES;
				CLANG_WARN_ENUM_CONVERSION = YES;
				CLANG_WARN_INT_CONVERSION = YES;
				CLANG_WARN_OBJC_ROOT_CLASS = YES_ERROR;
				CLANG_WARN_UNREACHABLE_CODE = YES;
				CLANG_WARN__DUPLICATE_METHOD_MATCH = YES;
				"CODE_SIGN_IDENTITY[sdk=iphoneos*]" = "iPhone Developer";
				COPY_PHASE_STRIP = NO;
				DEBUG_INFORMATION_FORMAT = "dwarf-with-dsym";
				ENABLE_NS_ASSERTIONS = NO;
				ENABLE_STRICT_OBJC_MSGSEND = YES;
				GCC_C_LANGUAGE_STANDARD = gnu99;
				GCC_NO_COMMON_BLOCKS = YES;
				GCC_WARN_64_TO_32_BIT_CONVERSION = YES;
				GCC_WARN_ABOUT_RETURN_TYPE = YES_ERROR;
				GCC_WARN_UNDECLARED_SELECTOR = YES;
				GCC_WARN_UNINITIALIZED_AUTOS = YES_AGGRESSIVE;
				GCC_WARN_UNUSED_FUNCTION = YES;
				GCC_WARN_UNUSED_VARIABLE = YES;
				IPHONEOS_DEPLOYMENT_TARGET = 8.3;
				MTL_ENABLE_DEBUG_INFO = NO;
				SDKROOT = iphoneos;
				VALIDATE_PRODUCT = YES;
			};
			name = Release;
		};
		FA30ADCF1B1B51B20041FB6B /* Debug */ = {
			isa = XCBuildConfiguration;
			buildSettings = {
				ASSETCATALOG_COMPILER_APPICON_NAME = AppIcon;
				INFOPLIST_FILE = WNXPageViewDome/Info.plist;
				LD_RUNPATH_SEARCH_PATHS = "$(inherited) @executable_path/Frameworks";
				PRODUCT_NAME = "$(TARGET_NAME)";
			};
			name = Debug;
		};
		FA30ADD01B1B51B20041FB6B /* Release */ = {
			isa = XCBuildConfiguration;
			buildSettings = {
				ASSETCATALOG_COMPILER_APPICON_NAME = AppIcon;
				INFOPLIST_FILE = WNXPageViewDome/Info.plist;
				LD_RUNPATH_SEARCH_PATHS = "$(inherited) @executable_path/Frameworks";
				PRODUCT_NAME = "$(TARGET_NAME)";
			};
			name = Release;
		};
		FA30ADD21B1B51B20041FB6B /* Debug */ = {
			isa = XCBuildConfiguration;
			buildSettings = {
				BUNDLE_LOADER = "$(TEST_HOST)";
				FRAMEWORK_SEARCH_PATHS = (
					"$(SDKROOT)/Developer/Library/Frameworks",
					"$(inherited)",
				);
				GCC_PREPROCESSOR_DEFINITIONS = (
					"DEBUG=1",
					"$(inherited)",
				);
				INFOPLIST_FILE = WNXPageViewDomeTests/Info.plist;
				LD_RUNPATH_SEARCH_PATHS = "$(inherited) @executable_path/Frameworks @loader_path/Frameworks";
				PRODUCT_NAME = "$(TARGET_NAME)";
				TEST_HOST = "$(BUILT_PRODUCTS_DIR)/WNXPageViewDome.app/WNXPageViewDome";
			};
			name = Debug;
		};
		FA30ADD31B1B51B20041FB6B /* Release */ = {
			isa = XCBuildConfiguration;
			buildSettings = {
				BUNDLE_LOADER = "$(TEST_HOST)";
				FRAMEWORK_SEARCH_PATHS = (
					"$(SDKROOT)/Developer/Library/Frameworks",
					"$(inherited)",
				);
				INFOPLIST_FILE = WNXPageViewDomeTests/Info.plist;
				LD_RUNPATH_SEARCH_PATHS = "$(inherited) @executable_path/Frameworks @loader_path/Frameworks";
				PRODUCT_NAME = "$(TARGET_NAME)";
				TEST_HOST = "$(BUILT_PRODUCTS_DIR)/WNXPageViewDome.app/WNXPageViewDome";
			};
			name = Release;
		};
/* End XCBuildConfiguration section */

/* Begin XCConfigurationList section */
		FA30ADA61B1B51B20041FB6B /* Build configuration list for PBXProject "WNXPageViewDome" */ = {
			isa = XCConfigurationList;
			buildConfigurations = (
				FA30ADCC1B1B51B20041FB6B /* Debug */,
				FA30ADCD1B1B51B20041FB6B /* Release */,
			);
			defaultConfigurationIsVisible = 0;
			defaultConfigurationName = Release;
		};
		FA30ADCE1B1B51B20041FB6B /* Build configuration list for PBXNativeTarget "WNXPageViewDome" */ = {
			isa = XCConfigurationList;
			buildConfigurations = (
				FA30ADCF1B1B51B20041FB6B /* Debug */,
				FA30ADD01B1B51B20041FB6B /* Release */,
			);
			defaultConfigurationIsVisible = 0;
		};
		FA30ADD11B1B51B20041FB6B /* Build configuration list for PBXNativeTarget "WNXPageViewDomeTests" */ = {
			isa = XCConfigurationList;
			buildConfigurations = (
				FA30ADD21B1B51B20041FB6B /* Debug */,
				FA30ADD31B1B51B20041FB6B /* Release */,
			);
			defaultConfigurationIsVisible = 0;
		};
/* End XCConfigurationList section */
	};
	rootObject = FA30ADA31B1B51B20041FB6B /* Project object */;
}
